
Microsoft Visual Studio Solution File, Format Version 12.00
# Visual Studio Version 16
VisualStudioVersion = 16.0.31911.196
MinimumVisualStudioVersion = 10.0.40219.1
Project("{FAE04EC0-301F-11D3-BF4B-00C04F79EFBC}") = "Task_16_1", "Task_16\Task_16_1.csproj", "{FC63B54E-5D0A-46DA-ABDF-29DD43013609}"
EndProject
Project("{FAE04EC0-301F-11D3-BF4B-00C04F79EFBC}") = "Task_16_2", "Task_16_2\Task_16_2.csproj", "{2795CB9B-819D-444E-A3CB-77B8289BBA26}"
EndProject
Global
	GlobalSection(SolutionConfigurationPlatforms) = preSolution
		Debug|Any CPU = Debug|Any CPU
		Release|Any CPU = Release|Any CPU
	EndGlobalSection
	GlobalSection(ProjectConfigurationPlatforms) = postSolution
		{FC63B54E-5D0A-46DA-ABDF-29DD43013609}.Debug|Any CPU.ActiveCfg = Debug|Any CPU
		{FC63B54E-5D0A-46DA-ABDF-29DD43013609}.Debug|Any CPU.Build.0 = Debug|Any CPU
		{FC63B54E-5D0A-46DA-ABDF-29DD43013609}.Release|Any CPU.ActiveCfg = Release|Any CPU
		{FC63B54E-5D0A-46DA-ABDF-29DD43013609}.Release|Any CPU.Build.0 = Release|Any CPU
		{2795CB9B-819D-444E-A3CB-77B8289BBA26}.Debug|Any CPU.ActiveCfg = Debug|Any CPU
		{2795CB9B-819D-444E-A3CB-77B8289BBA26}.Debug|Any CPU.Build.0 = Debug|Any CPU
		{2795CB9B-819D-444E-A3CB-77B8289BBA26}.Release|Any CPU.ActiveCfg = Release|Any CPU
		{2795CB9B-819D-444E-A3CB-77B8289BBA26}.Release|Any CPU.Build.0 = Release|Any CPU
	EndGlobalSection
	GlobalSection(SolutionProperties) = preSolution
		HideSolutionNode = FALSE
	EndGlobalSection
	GlobalSection(ExtensibilityGlobals) = postSolution
		SolutionGuid = {A5F575A1-80F4-457E-BEE0-41C218F998E0}
	EndGlobalSection
EndGlobal
